
Microsoft Visual Studio Solution File, Format Version 12.00
# Visual Studio 14
VisualStudioVersion = 14.0.25123.0
MinimumVisualStudioVersion = 10.0.40219.1
Project("{F184B08F-C81C-45F6-A57F-5ABD9991F28F}") = "World Save Converter", "World Save Converter\World Save Converter.vbproj", "{2EA24860-2A5D-4F88-A472-5284F6B48280}"
EndProject
Global
	GlobalSection(SolutionConfigurationPlatforms) = preSolution
		Debug|Any CPU = Debug|Any CPU
		Release|Any CPU = Release|Any CPU
	EndGlobalSection
	GlobalSection(ProjectConfigurationPlatforms) = postSolution
		{2EA24860-2A5D-4F88-A472-5284F6B48280}.Debug|Any CPU.ActiveCfg = Debug|Any CPU
		{2EA24860-2A5D-4F88-A472-5284F6B48280}.Debug|Any CPU.Build.0 = Debug|Any CPU
		{2EA24860-2A5D-4F88-A472-5284F6B48280}.Release|Any CPU.ActiveCfg = Release|Any CPU
		{2EA24860-2A5D-4F88-A472-5284F6B48280}.Release|Any CPU.Build.0 = Release|Any CPU
	EndGlobalSection
	GlobalSection(SolutionProperties) = preSolution
		HideSolutionNode = FALSE
	EndGlobalSection
EndGlobal
